{
  "version": "3",
  "packages": {
    "specifiers": {
      "jsr:@hono/hono@^4.6.3": "jsr:@hono/hono@4.6.3",
      "jsr:@std/assert@1": "jsr:@std/assert@1.0.6",
      "jsr:@std/internal@^1.0.4": "jsr:@std/internal@1.0.4",
      "npm:ses@^1.8.0": "npm:ses@1.8.0"
    },
    "jsr": {
      "@hono/hono@4.6.3": {
        "integrity": "a1f5a18cd12a0db54755b0461dd5a4e2d93a6f85403073eb710103eacc42daf3"
      },
      "@std/assert@1.0.6": {
        "integrity": "1904c05806a25d94fe791d6d883b685c9e2dcd60e4f9fc30f4fc5cf010c72207",
        "dependencies": [
          "jsr:@std/internal@^1.0.4"
        ]
      },
      "@std/internal@1.0.4": {
        "integrity": "62e8e4911527e5e4f307741a795c0b0a9e6958d0b3790716ae71ce085f755422"
      }
    },
    "npm": {
      "@endo/env-options@1.1.6": {
        "integrity": "sha512-Uqy94PwLTco90Yfign43muvDtjsYTbL6Ck4W5sSWQUqJiFOL+YP8kiBOoGyQynDsGTY0MCQvMxEPfphaJKnzlQ==",
        "dependencies": {}
      },
      "ses@1.8.0": {
        "integrity": "sha512-pis9agyAy7s9lDApaYY9OSktkzc10gkBggSbhHXwTf3cWL9H8xA7oKiXIfT/uVNf8dzZN3o2TtPYjer9/axIhw==",
        "dependencies": {
          "@endo/env-options": "@endo/env-options@1.1.6"
        }
      }
    }
  },
  "remote": {},
  "workspace": {
    "dependencies": [
      "jsr:@hono/hono@^4.6.3",
      "jsr:@std/assert@1",
      "npm:ses@^1.8.0"
    ]
  }
}
